{
    "name": "dynamic-imports",
    "lockfileVersion": 3,
    "requires": true,
    "packages": {
        "": {
            "name": "dynamic-imports",
            "dependencies": {
                "dynamic-imports": "file:"
            }
        },
        "node_modules/dynamic-imports": {
            "resolved": "",
            "link": true
        }
    }
}
